# This file is autogenerated, do not edit; changes may be undone by the next 'dep ensure'.


[[projects]]
  branch = "master"
  digest = "1:c2c15c33cf57ca4a10d1f25a1cbea122c8919b483bd8aa375f796ed73c29fe39"
  name = "github.com/go-ocf/go-coap"
  packages = [
    ".",
    "net",
  ]
  pruneopts = "UT"
  revision = "4e2ec36362563d3c617116e91e94ee263d370a25"

[[projects]]
  digest = "1:f2e48504ac446aae46160fbcab65053eb4edaba0890cca991b73c68b171e216c"
  name = "github.com/pion/dtls"
  packages = [
    ".",
    "internal/crypto/ccm",
    "internal/udp",
  ]
  pruneopts = "UT"
  revision = "91d652d3f91d6c08c193e4d297067f8f653775f9"
  version = "v1.5.1"

[[projects]]
  digest = "1:92d9305a35d7130172f46e095505cc56af49d073907ae52088c15e8c8ae3f519"
  name = "github.com/pion/logging"
  packages = ["."]
  pruneopts = "UT"
  revision = "0387f8acdeb20faf48e539e74906dd633851f3a8"
  version = "v0.2.2"

[[projects]]
  branch = "master"
  digest = "1:c79dab329e903f5f7793c3f541645f5e4fdaeb222ccd804b0913ea796d0f0213"
  name = "golang.org/x/crypto"
  packages = ["curve25519"]
  pruneopts = "UT"
  revision = "227b76d455e791cb042b03e633e2f7fbcfdf74a5"

[[projects]]
  branch = "master"
  digest = "1:b0e1ce911b2601a33669968975069f6b93846a013e2171ba8f8b772f93dd232a"
  name = "golang.org/x/net"
  packages = [
    "bpf",
    "internal/iana",
    "internal/socket",
    "ipv4",
    "ipv6",
  ]
  pruneopts = "UT"
  revision = "1a5e07d1ff72da30f660d3c95b312a20be31173c"

[[projects]]
  branch = "master"
  digest = "1:6d715f4b4c6563ca6b0ba709858b716b67865cc7747e14ebd4afb59b59b42e6b"
  name = "golang.org/x/sys"
  packages = [
    "unix",
    "windows",
  ]
  pruneopts = "UT"
  revision = "14da1ac737ccc89e3a28bf770cbbd260ce7e190b"

[solve-meta]
  analyzer-name = "dep"
  analyzer-version = 1
  input-imports = ["github.com/go-ocf/go-coap"]
  solver-name = "gps-cdcl"
  solver-version = 1
